
Microsoft Visual Studio Solution File, Format Version 12.00
# Visual Studio Version 16
VisualStudioVersion = 16.0.31129.286
MinimumVisualStudioVersion = 10.0.40219.1
Project("{9A19103F-16F7-4668-BE54-9A1E7A4F7556}") = "SchoolProject", "SchoolProject\SchoolProject.csproj", "{72C46FF4-2CD0-47ED-B8FD-17F88193B958}"
EndProject
Project("{9A19103F-16F7-4668-BE54-9A1E7A4F7556}") = "SchoolProject.Domain", "SchoolProject.Domain\SchoolProject.Domain.csproj", "{D6A08C35-8FDA-48B7-947D-A3E31D276266}"
EndProject
Project("{9A19103F-16F7-4668-BE54-9A1E7A4F7556}") = "SchoolProject.DataAccess", "SchoolProject.DataAccess\SchoolProject.DataAccess.csproj", "{24163A67-E304-49B0-9BE8-E645B2A4AA08}"
EndProject
Project("{9A19103F-16F7-4668-BE54-9A1E7A4F7556}") = "SchoolProject.BuissnesLayer", "SchoolProject.BuissnesLayer\SchoolProject.BuissnesLayer.csproj", "{EA0FCF5D-AE55-4976-B0FB-6A1168D51BDF}"
EndProject
Global
	GlobalSection(SolutionConfigurationPlatforms) = preSolution
		Debug|Any CPU = Debug|Any CPU
		Release|Any CPU = Release|Any CPU
	EndGlobalSection
	GlobalSection(ProjectConfigurationPlatforms) = postSolution
		{72C46FF4-2CD0-47ED-B8FD-17F88193B958}.Debug|Any CPU.ActiveCfg = Debug|Any CPU
		{72C46FF4-2CD0-47ED-B8FD-17F88193B958}.Debug|Any CPU.Build.0 = Debug|Any CPU
		{72C46FF4-2CD0-47ED-B8FD-17F88193B958}.Release|Any CPU.ActiveCfg = Release|Any CPU
		{72C46FF4-2CD0-47ED-B8FD-17F88193B958}.Release|Any CPU.Build.0 = Release|Any CPU
		{D6A08C35-8FDA-48B7-947D-A3E31D276266}.Debug|Any CPU.ActiveCfg = Debug|Any CPU
		{D6A08C35-8FDA-48B7-947D-A3E31D276266}.Debug|Any CPU.Build.0 = Debug|Any CPU
		{D6A08C35-8FDA-48B7-947D-A3E31D276266}.Release|Any CPU.ActiveCfg = Release|Any CPU
		{D6A08C35-8FDA-48B7-947D-A3E31D276266}.Release|Any CPU.Build.0 = Release|Any CPU
		{24163A67-E304-49B0-9BE8-E645B2A4AA08}.Debug|Any CPU.ActiveCfg = Debug|Any CPU
		{24163A67-E304-49B0-9BE8-E645B2A4AA08}.Debug|Any CPU.Build.0 = Debug|Any CPU
		{24163A67-E304-49B0-9BE8-E645B2A4AA08}.Release|Any CPU.ActiveCfg = Release|Any CPU
		{24163A67-E304-49B0-9BE8-E645B2A4AA08}.Release|Any CPU.Build.0 = Release|Any CPU
		{EA0FCF5D-AE55-4976-B0FB-6A1168D51BDF}.Debug|Any CPU.ActiveCfg = Debug|Any CPU
		{EA0FCF5D-AE55-4976-B0FB-6A1168D51BDF}.Debug|Any CPU.Build.0 = Debug|Any CPU
		{EA0FCF5D-AE55-4976-B0FB-6A1168D51BDF}.Release|Any CPU.ActiveCfg = Release|Any CPU
		{EA0FCF5D-AE55-4976-B0FB-6A1168D51BDF}.Release|Any CPU.Build.0 = Release|Any CPU
	EndGlobalSection
	GlobalSection(SolutionProperties) = preSolution
		HideSolutionNode = FALSE
	EndGlobalSection
	GlobalSection(ExtensibilityGlobals) = postSolution
		SolutionGuid = {2FAB8CCB-BA8A-4795-B1F3-6671F579BB77}
	EndGlobalSection
EndGlobal
